<?xml version="1.0" encoding="utf-8"?>
<Project ToolsVersion="4.0" xmlns="http://schemas.microsoft.com/developer/msbuild/2003">
  <ItemGroup>
    <Filter Include="Source Files">
      <UniqueIdentifier>{4FC737F1-C7A5-4376-A066-2A32D752A2FF}</UniqueIdentifier>
      <Extensions>cpp;c;cc;cxx;c++;cppm;ixx;def;odl;idl;hpj;bat;asm;asmx</Extensions>
    </Filter>
    <Filter Include="Header Files">
      <UniqueIdentifier>{93995380-89BD-4b04-88EB-625FBE52EBFB}</UniqueIdentifier>
      <Extensions>h;hh;hpp;hxx;h++;hm;inl;inc;ipp;xsd</Extensions>
    </Filter>
    <Filter Include="Resource Files">
      <UniqueIdentifier>{67DA6AB6-F800-4c08-8B7A-83BB121AAD01}</UniqueIdentifier>
      <Extensions>rc;ico;cur;bmp;dlg;rc2;rct;bin;rgs;gif;jpg;jpeg;jpe;resx;tiff;tif;png;wav;mfcribbon-ms</Extensions>
    </Filter>
    <Filter Include="Assets">
      <UniqueIdentifier>{2c66c6c5-0635-4053-93fb-841121864ef1}</UniqueIdentifier>
    </Filter>
    <Filter Include="Assets\Backgrounds">
      <UniqueIdentifier>{ac24f889-b3da-45ff-b47f-e43a2891c675}</UniqueIdentifier>
    </Filter>
    <Filter Include="Assets\Projectiles">
      <UniqueIdentifier>{6fdfc452-decc-4fa0-8958-2a80ee28d019}</UniqueIdentifier>
    </Filter>
    <Filter Include="Assets\Player">
      <UniqueIdentifier>{6ea27934-8381-4afa-9322-f4a41b3012b2}</UniqueIdentifier>
    </Filter>
    <Filter Include="Assets\Ground">
      <UniqueIdentifier>{5bf7d50d-dd8b-40d4-9ada-30fb9975be29}</UniqueIdentifier>
    </Filter>
    <Filter Include="Assets\Environment">
      <UniqueIdentifier>{e26a4634-a649-45ff-a58b-f9a52512f875}</UniqueIdentifier>
    </Filter>
    <Filter Include="Assets\Environment\Tombstones">
      <UniqueIdentifier>{9ca9eedd-4da3-40e6-a4dd-86d4ec0390e9}</UniqueIdentifier>
    </Filter>
    <Filter Include="Assets\Environment\Trees">
      <UniqueIdentifier>{81c51955-926a-4fba-be00-82457a60a221}</UniqueIdentifier>
    </Filter>
    <Filter Include="Assets\Environment\Rocks">
      <UniqueIdentifier>{406db8cc-1427-4b1f-9ae8-9f6c46f5cdbc}</UniqueIdentifier>
    </Filter>
    <Filter Include="Assets\Enemies">
      <UniqueIdentifier>{7bc67e61-0b4f-423c-baf1-88e2e91a1a37}</UniqueIdentifier>
    </Filter>
    <Filter Include="Assets\Enemies\Wizard">
      <UniqueIdentifier>{2d3aa91b-705e-490c-a02f-80208477a034}</UniqueIdentifier>
    </Filter>
    <Filter Include="Assets\Enemies\Wanderer">
      <UniqueIdentifier>{06c9955c-8595-4377-8ad4-52f638469a86}</UniqueIdentifier>
    </Filter>
  </ItemGroup>
  <ItemGroup>
    <ClCompile Include="main.cpp">
      <Filter>Source Files</Filter>
    </ClCompile>
  </ItemGroup>
  <ItemGroup>
    <ClInclude Include="Scenes\DefaultScene.h">
      <Filter>Header Files</Filter>
    </ClInclude>
    <ClInclude Include="include\Player.h">
      <Filter>Header Files</Filter>
    </ClInclude>
    <ClInclude Include="include\Enemy.h">
      <Filter>Header Files</Filter>
    </ClInclude>
  </ItemGroup>
  <ItemGroup>
    <CopyFileToFolders Include="..\Assets\DarkTree.png">
      <Filter>Assets\Environment\Trees</Filter>
    </CopyFileToFolders>
    <CopyFileToFolders Include="..\Assets\DarkTree2.png">
      <Filter>Assets\Environment\Trees</Filter>
    </CopyFileToFolders>
    <CopyFileToFolders Include="..\Assets\DarkTree3.png">
      <Filter>Assets\Environment\Trees</Filter>
    </CopyFileToFolders>
    <CopyFileToFolders Include="..\Assets\DeadTree.png">
      <Filter>Assets\Environment\Trees</Filter>
    </CopyFileToFolders>
    <CopyFileToFolders Include="..\Assets\DeadTree2.png">
      <Filter>Assets\Environment\Trees</Filter>
    </CopyFileToFolders>
    <CopyFileToFolders Include="..\Assets\DeadTree3.png">
      <Filter>Assets\Environment\Trees</Filter>
    </CopyFileToFolders>
    <CopyFileToFolders Include="..\Assets\Tombstone.png">
      <Filter>Assets\Environment\Tombstones</Filter>
    </CopyFileToFolders>
    <CopyFileToFolders Include="..\Assets\Tombstone2.png">
      <Filter>Assets\Environment\Tombstones</Filter>
    </CopyFileToFolders>
    <CopyFileToFolders Include="..\Assets\Tombstone3.png">
      <Filter>Assets\Environment\Tombstones</Filter>
    </CopyFileToFolders>
    <CopyFileToFolders Include="..\Assets\WaterBall.png">
      <Filter>Assets\Projectiles</Filter>
    </CopyFileToFolders>
    <CopyFileToFolders Include="..\Assets\Idle.png">
      <Filter>Assets\Player</Filter>
    </CopyFileToFolders>
    <CopyFileToFolders Include="..\Assets\Run.png">
      <Filter>Assets\Player</Filter>
    </CopyFileToFolders>
    <CopyFileToFolders Include="..\Assets\Bush.png">
      <Filter>Assets\Environment</Filter>
    </CopyFileToFolders>
    <CopyFileToFolders Include="..\Assets\Platform.png">
      <Filter>Assets\Ground</Filter>
    </CopyFileToFolders>
    <CopyFileToFolders Include="..\Assets\Ground.png">
      <Filter>Assets\Ground</Filter>
    </CopyFileToFolders>
    <CopyFileToFolders Include="..\Assets\Cloud.png">
      <Filter>Assets\Environment</Filter>
    </CopyFileToFolders>
    <CopyFileToFolders Include="..\Assets\Fence.png">
      <Filter>Assets\Environment</Filter>
    </CopyFileToFolders>
    <CopyFileToFolders Include="..\Assets\Wall.png">
      <Filter>Assets\Environment</Filter>
    </CopyFileToFolders>
    <CopyFileToFolders Include="..\Assets\Tombstone4.png">
      <Filter>Assets\Environment\Tombstones</Filter>
    </CopyFileToFolders>
    <CopyFileToFolders Include="..\Assets\Tombstone5.png">
      <Filter>Assets\Environment\Tombstones</Filter>
    </CopyFileToFolders>
    <CopyFileToFolders Include="..\Assets\Tombstone6.png">
      <Filter>Assets\Environment\Tombstones</Filter>
    </CopyFileToFolders>
    <CopyFileToFolders Include="..\Assets\Rock.png">
      <Filter>Assets\Environment\Rocks</Filter>
    </CopyFileToFolders>
    <CopyFileToFolders Include="..\Assets\Rock2.png">
      <Filter>Assets\Environment\Rocks</Filter>
    </CopyFileToFolders>
    <CopyFileToFolders Include="..\Assets\Rock3.png">
      <Filter>Assets\Environment\Rocks</Filter>
    </CopyFileToFolders>
    <CopyFileToFolders Include="..\Assets\Bridge.png">
      <Filter>Assets\Ground</Filter>
    </CopyFileToFolders>
    <CopyFileToFolders Include="..\Assets\Background.png">
      <Filter>Assets\Backgrounds</Filter>
    </CopyFileToFolders>
    <CopyFileToFolders Include="..\Assets\Background2.png">
      <Filter>Assets\Backgrounds</Filter>
    </CopyFileToFolders>
    <CopyFileToFolders Include="..\Assets\DeadTree4.png">
      <Filter>Assets\Environment\Trees</Filter>
    </CopyFileToFolders>
    <CopyFileToFolders Include="..\Assets\Wizard_Idle.png">
      <Filter>Assets\Enemies\Wizard</Filter>
    </CopyFileToFolders>
    <CopyFileToFolders Include="..\Assets\Wanderer_Walk.png">
      <Filter>Assets\Enemies\Wanderer</Filter>
    </CopyFileToFolders>
  </ItemGroup>
</Project>